
Microsoft Visual Studio Solution File, Format Version 12.00
# Visual Studio 2013
VisualStudioVersion = 12.0.21005.1
MinimumVisualStudioVersion = 10.0.40219.1
Project("{FAE04EC0-301F-11D3-BF4B-00C04F79EFBC}") = "1_kelime_1_islem", "1_kelime_1_islem\1_kelime_1_islem.csproj", "{68D350B3-1541-4A60-BD7A-F6B18DAB3C8B}"
EndProject
Global
	GlobalSection(SolutionConfigurationPlatforms) = preSolution
		Debug|Any CPU = Debug|Any CPU
		Release|Any CPU = Release|Any CPU
	EndGlobalSection
	GlobalSection(ProjectConfigurationPlatforms) = postSolution
		{68D350B3-1541-4A60-BD7A-F6B18DAB3C8B}.Debug|Any CPU.ActiveCfg = Debug|Any CPU
		{68D350B3-1541-4A60-BD7A-F6B18DAB3C8B}.Debug|Any CPU.Build.0 = Debug|Any CPU
		{68D350B3-1541-4A60-BD7A-F6B18DAB3C8B}.Release|Any CPU.ActiveCfg = Release|Any CPU
		{68D350B3-1541-4A60-BD7A-F6B18DAB3C8B}.Release|Any CPU.Build.0 = Release|Any CPU
	EndGlobalSection
	GlobalSection(SolutionProperties) = preSolution
		HideSolutionNode = FALSE
	EndGlobalSection
EndGlobal
